
Microsoft Visual Studio Solution File, Format Version 12.00
# Visual Studio 15
VisualStudioVersion = 15.0.26403.3
MinimumVisualStudioVersion = 10.0.40219.1
Project("{2150E333-8FDC-42A3-9474-1A3956D46DE8}") = "src", "src", "{EF242EDF-7133-4277-9A0C-18744DE08707}"
EndProject
Project("{2150E333-8FDC-42A3-9474-1A3956D46DE8}") = "Solution Items", "Solution Items", "{197A0EE3-94E5-4807-BBCF-2F1BCA28A6AE}"
	ProjectSection(SolutionItems) = preProject
		.runsettings = .runsettings
		appveyor.yml = appveyor.yml
		codecov-local.cmd = codecov-local.cmd
		README.md = README.md
	EndProjectSection
EndProject
Project("{2150E333-8FDC-42A3-9474-1A3956D46DE8}") = "examples", "examples", "{F0C22C47-DF71-463C-9B04-B4E0F3B8708A}"
EndProject
Project("{2150E333-8FDC-42A3-9474-1A3956D46DE8}") = "test", "test", "{890A1DED-C229-4FA1-969E-AAC3BBFC05E5}"
EndProject
Project("{9A19103F-16F7-4668-BE54-9A1E7A4F7556}") = "WireMock.Net", "src\WireMock.Net\WireMock.Net.csproj", "{D3804228-91F4-4502-9595-39584E5A01AD}"
EndProject
Project("{FAE04EC0-301F-11D3-BF4B-00C04F79EFBC}") = "WireMock.Net.ConsoleApplication", "examples\WireMock.Net.ConsoleApplication\WireMock.Net.ConsoleApplication.csproj", "{668F689E-57B4-422E-8846-C0FF643CA268}"
	ProjectSection(ProjectDependencies) = postProject
		{D3804228-91F4-4502-9595-39584E5A01AD} = {D3804228-91F4-4502-9595-39584E5A01AD}
	EndProjectSection
EndProject
Project("{FAE04EC0-301F-11D3-BF4B-00C04F79EFBC}") = "WireMock.Net.StandAlone", "src\WireMock.Net.StandAlone\WireMock.Net.StandAlone.csproj", "{668F689E-57B4-422E-8846-C0FF643CA999}"
	ProjectSection(ProjectDependencies) = postProject
		{D3804228-91F4-4502-9595-39584E5A01AD} = {D3804228-91F4-4502-9595-39584E5A01AD}
	EndProjectSection
EndProject
Project("{9A19103F-16F7-4668-BE54-9A1E7A4F7556}") = "WireMock.Net.Tests", "test\WireMock.Net.Tests\WireMock.Net.Tests.csproj", "{31DC2EF8-C3FE-467D-84BE-FB5D956E612E}"
EndProject
Project("{2150E333-8FDC-42A3-9474-1A3956D46DE8}") = "externals", "externals", "{A35E57CD-1BC2-48F9-AAD6-919C5C9F108E}"
EndProject
Project("{9A19103F-16F7-4668-BE54-9A1E7A4F7556}") = "NETStandard.HttpListener", "..\NETStandard.HttpListener\src\NETStandard.HttpListener\NETStandard.HttpListener.csproj", "{CC4C657B-3BD7-4BEB-972B-0830C8256439}"
EndProject
Global
	GlobalSection(SolutionConfigurationPlatforms) = preSolution
		Debug|Any CPU = Debug|Any CPU
		Release|Any CPU = Release|Any CPU
	EndGlobalSection
	GlobalSection(ProjectConfigurationPlatforms) = postSolution
		{D3804228-91F4-4502-9595-39584E5A01AD}.Debug|Any CPU.ActiveCfg = Debug|Any CPU
		{D3804228-91F4-4502-9595-39584E5A01AD}.Debug|Any CPU.Build.0 = Debug|Any CPU
		{D3804228-91F4-4502-9595-39584E5A01AD}.Release|Any CPU.ActiveCfg = Release|Any CPU
		{D3804228-91F4-4502-9595-39584E5A01AD}.Release|Any CPU.Build.0 = Release|Any CPU
		{668F689E-57B4-422E-8846-C0FF643CA268}.Debug|Any CPU.ActiveCfg = Debug|Any CPU
		{668F689E-57B4-422E-8846-C0FF643CA268}.Debug|Any CPU.Build.0 = Debug|Any CPU
		{668F689E-57B4-422E-8846-C0FF643CA268}.Release|Any CPU.ActiveCfg = Release|Any CPU
		{668F689E-57B4-422E-8846-C0FF643CA268}.Release|Any CPU.Build.0 = Release|Any CPU
		{668F689E-57B4-422E-8846-C0FF643CA999}.Debug|Any CPU.ActiveCfg = Debug|Any CPU
		{668F689E-57B4-422E-8846-C0FF643CA999}.Debug|Any CPU.Build.0 = Debug|Any CPU
		{668F689E-57B4-422E-8846-C0FF643CA999}.Release|Any CPU.ActiveCfg = Release|Any CPU
		{668F689E-57B4-422E-8846-C0FF643CA999}.Release|Any CPU.Build.0 = Release|Any CPU
		{31DC2EF8-C3FE-467D-84BE-FB5D956E612E}.Debug|Any CPU.ActiveCfg = Debug|Any CPU
		{31DC2EF8-C3FE-467D-84BE-FB5D956E612E}.Debug|Any CPU.Build.0 = Debug|Any CPU
		{31DC2EF8-C3FE-467D-84BE-FB5D956E612E}.Release|Any CPU.ActiveCfg = Release|Any CPU
		{31DC2EF8-C3FE-467D-84BE-FB5D956E612E}.Release|Any CPU.Build.0 = Release|Any CPU
		{CC4C657B-3BD7-4BEB-972B-0830C8256439}.Debug|Any CPU.ActiveCfg = Debug|Any CPU
		{CC4C657B-3BD7-4BEB-972B-0830C8256439}.Debug|Any CPU.Build.0 = Debug|Any CPU
		{CC4C657B-3BD7-4BEB-972B-0830C8256439}.Release|Any CPU.ActiveCfg = Release|Any CPU
		{CC4C657B-3BD7-4BEB-972B-0830C8256439}.Release|Any CPU.Build.0 = Release|Any CPU
	EndGlobalSection
	GlobalSection(SolutionProperties) = preSolution
		HideSolutionNode = FALSE
	EndGlobalSection
	GlobalSection(NestedProjects) = preSolution
		{D3804228-91F4-4502-9595-39584E5A01AD} = {EF242EDF-7133-4277-9A0C-18744DE08707}
		{668F689E-57B4-422E-8846-C0FF643CA268} = {F0C22C47-DF71-463C-9B04-B4E0F3B8708A}
		{668F689E-57B4-422E-8846-C0FF643CA999} = {EF242EDF-7133-4277-9A0C-18744DE08707}
		{31DC2EF8-C3FE-467D-84BE-FB5D956E612E} = {890A1DED-C229-4FA1-969E-AAC3BBFC05E5}
		{CC4C657B-3BD7-4BEB-972B-0830C8256439} = {A35E57CD-1BC2-48F9-AAD6-919C5C9F108E}
	EndGlobalSection
EndGlobal
