
Microsoft Visual Studio Solution File, Format Version 12.00
# Visual Studio Version 17
VisualStudioVersion = 17.0.31521.260
MinimumVisualStudioVersion = 10.0.40219.1
Project("{2150E333-8FDC-42A3-9474-1A3956D46DE8}") = "src", "src", "{8F890C6F-9ACC-438D-928A-AD61CDA862F2}"
EndProject
Project("{2150E333-8FDC-42A3-9474-1A3956D46DE8}") = "test", "test", "{0BB8B634-407A-4610-A91F-11586990767A}"
EndProject
Project("{9A19103F-16F7-4668-BE54-9A1E7A4F7556}") = "WireMock.Net", "src\WireMock.Net\WireMock.Net.csproj", "{D3804228-91F4-4502-9595-39584E5A01AD}"
EndProject
Project("{9A19103F-16F7-4668-BE54-9A1E7A4F7556}") = "WireMock.Net.Abstractions", "src\WireMock.Net.Abstractions\WireMock.Net.Abstractions.csproj", "{B6269AAC-170A-4346-8B9A-579DED3D9A94}"
EndProject
Project("{9A19103F-16F7-4668-BE54-9A1E7A4F7556}") = "WireMock.Net.RestClient", "src\WireMock.Net.RestClient\WireMock.Net.RestClient.csproj", "{B6269AAC-170A-43D6-8B9A-579DED3D9A96}"
EndProject
Project("{9A19103F-16F7-4668-BE54-9A1E7A4F7556}") = "WireMock.Net.StandAlone", "src\WireMock.Net.StandAlone\WireMock.Net.StandAlone.csproj", "{B6269AAC-170A-43D5-8B9A-579DED3D9A95}"
EndProject
Project("{9A19103F-16F7-4668-BE54-9A1E7A4F7556}") = "WireMock.Net.Tests", "test\WireMock.Net.Tests\WireMock.Net.Tests.csproj", "{31DC2EF8-C3FE-467D-84BE-FB5D956E612E}"
EndProject
Project("{2150E333-8FDC-42A3-9474-1A3956D46DE8}") = "examples", "examples", "{985E0ADB-D4B4-473A-AA40-567E279B7946}"
EndProject
Project("{2150E333-8FDC-42A3-9474-1A3956D46DE8}") = "Solution Items", "Solution Items", "{7EFB2C5B-1BB2-4AAF-BC9F-216ED80C594D}"
	ProjectSection(SolutionItems) = preProject
		.editorconfig = .editorconfig
		.gitignore = .gitignore
		CHANGELOG.md = CHANGELOG.md
		Directory.Build.props = Directory.Build.props
		.github\FUNDING.yml = .github\FUNDING.yml
		Generate-ReleaseNotes.cmd = Generate-ReleaseNotes.cmd
		PackageReadme.md = PackageReadme.md
		PackageReleaseNotes.template = PackageReleaseNotes.template
		PackageReleaseNotes.txt = PackageReleaseNotes.txt
		README.md = README.md
	EndProjectSection
EndProject
Project("{9A19103F-16F7-4668-BE54-9A1E7A4F7556}") = "WireMock.Net.Console.NETCoreApp3", "examples\WireMock.Net.Console.NETCoreApp3\WireMock.Net.Console.NETCoreApp3.csproj", "{8C424EAF-8269-46A2-9FF1-F6D4EADB5CD5}"
EndProject
Project("{9A19103F-16F7-4668-BE54-9A1E7A4F7556}") = "WireMock.Net.Client", "examples\WireMock.Net.Client\WireMock.Net.Client.csproj", "{74D91AD0-D96D-4FD2-AEC5-CC49D38346C0}"
EndProject
Project("{9A19103F-16F7-4668-BE54-9A1E7A4F7556}") = "WireMock.Net.Console.NETCoreApp", "examples\WireMock.Net.Console.NETCoreApp\WireMock.Net.Console.NETCoreApp.csproj", "{FE281639-B014-4C8A-96FA-141164A74713}"
EndProject
Project("{FAE04EC0-301F-11D3-BF4B-00C04F79EFBC}") = "WireMock.Net.Console.Proxy.Net452", "examples\WireMock.Net.Console.Proxy.Net452\WireMock.Net.Console.Proxy.Net452.csproj", "{26433A8F-BF01-4962-97EB-81BFFBB61096}"
EndProject
Project("{FAE04EC0-301F-11D3-BF4B-00C04F79EFBC}") = "WireMock.Net.Service", "examples\Wiremock.Net.Service\WireMock.Net.Service.csproj", "{7F0B2446-0363-4720-AF46-F47F83B557DC}"
EndProject
Project("{FAE04EC0-301F-11D3-BF4B-00C04F79EFBC}") = "WireMock.Net.Console.Net461.Classic", "examples\WireMock.Net.Console.Net461.Classic\WireMock.Net.Console.Net461.Classic.csproj", "{1261BB9B-A7D4-456C-8985-3CE560361B8E}"
EndProject
Project("{FAE04EC0-301F-11D3-BF4B-00C04F79EFBC}") = "WireMock.Net.Console.Net452.Classic", "examples\WireMock.Net.Console.Net452.Classic\WireMock.Net.Console.Net452.Classic.csproj", "{668F689E-57B4-422E-8846-C0FF643CA268}"
EndProject
Project("{9A19103F-16F7-4668-BE54-9A1E7A4F7556}") = "WireMock.Net.Console.RequestLogTest", "examples\WireMock.Net.Console.RequestLogTest\WireMock.Net.Console.RequestLogTest.csproj", "{A9D039B9-7509-4CF1-9EFD-87EB82998575}"
EndProject
Project("{9A19103F-16F7-4668-BE54-9A1E7A4F7556}") = "WireMock.Net.OpenApiParser", "src\WireMock.Net.OpenApiParser\WireMock.Net.OpenApiParser.csproj", "{D3804228-91F4-4502-9595-39584E5AADAD}"
EndProject
Project("{9A19103F-16F7-4668-BE54-9A1E7A4F7556}") = "WireMock.Net.OpenApiParser.ConsoleApp", "examples\WireMock.Net.OpenApiParser.ConsoleApp\WireMock.Net.OpenApiParser.ConsoleApp.csproj", "{5C09FB93-1535-4F92-AF26-21E8A061EE4A}"
EndProject
Project("{9A19103F-16F7-4668-BE54-9A1E7A4F7556}") = "WireMock.Net.FluentAssertions", "src\WireMock.Net.FluentAssertions\WireMock.Net.FluentAssertions.csproj", "{B6269AAC-170A-4346-8B9A-579DED3D9A95}"
EndProject
Project("{9A19103F-16F7-4668-BE54-9A1E7A4F7556}") = "WireMock.Net.WebApplication.NETCore3", "examples\WireMock.Net.WebApplication.NETCore3\WireMock.Net.WebApplication.NETCore3.csproj", "{E1C56967-3DC7-46CB-A1DF-B13167A0D9D4}"
EndProject
Project("{9A19103F-16F7-4668-BE54-9A1E7A4F7556}") = "WireMock.Net.Console.NETCoreApp3WithCertificate", "examples\WireMock.Net.Console.NETCoreApp3WithCertificate\WireMock.Net.Console.NETCoreApp3WithCertificate.csproj", "{925E421A-1B3F-4202-B48F-734743573A4B}"
EndProject
Project("{9A19103F-16F7-4668-BE54-9A1E7A4F7556}") = "dotnet-WireMock", "src\dotnet-WireMock.Net\dotnet-WireMock.csproj", "{40BF24B5-12E6-4610-9489-138798632E28}"
EndProject
Project("{9A19103F-16F7-4668-BE54-9A1E7A4F7556}") = "WireMock.Net.Console.NET5", "examples\WireMock.Net.Console.NET5\WireMock.Net.Console.NET5.csproj", "{3F8CF0AE-5F24-4A54-89E7-A3EE829DB5F8}"
EndProject
Project("{9A19103F-16F7-4668-BE54-9A1E7A4F7556}") = "WireMock.Net.Matchers.CSharpCode", "src\WireMock.Net.Matchers.CSharpCode\WireMock.Net.Matchers.CSharpCode.csproj", "{B6269AAC-170A-4346-8B9A-444DED3D9A44}"
EndProject
Project("{FAE04EC0-301F-11D3-BF4B-00C04F79EFBC}") = "WireMock.Net.Console.Net472.Classic", "examples\WireMock.Net.Console.Net472.Classic\WireMock.Net.Console.Net472.Classic.csproj", "{6580580B-1EFD-4922-B0EC-FF290DB279EE}"
EndProject
Project("{2150E333-8FDC-42A3-9474-1A3956D46DE8}") = "Actions", "Actions", "{1DAEFF47-D117-4E95-8B3E-4F7C8B92011A}"
	ProjectSection(SolutionItems) = preProject
		.github\workflows\ci.yml = .github\workflows\ci.yml
		.github\workflows\CreateRelease.yml = .github\workflows\CreateRelease.yml
	EndProjectSection
EndProject
Project("{2150E333-8FDC-42A3-9474-1A3956D46DE8}") = "Azure Pipelines", "Azure Pipelines", "{5B64F6CA-BF6B-4F67-BB2A-9C47E441703E}"
	ProjectSection(SolutionItems) = preProject
		azure-pipelines-ci-linux.yml = azure-pipelines-ci-linux.yml
		azure-pipelines-ci.yml = azure-pipelines-ci.yml
		azure-pipelines-linux.yml = azure-pipelines-linux.yml
		azure-pipelines-nuget.yml = azure-pipelines-nuget.yml
	EndProjectSection
EndProject
Project("{9A19103F-16F7-4668-BE54-9A1E7A4F7556}") = "WireMock.Org.RestClient", "src\WireMock.Org.RestClient\WireMock.Org.RestClient.csproj", "{08B29DB1-FEFE-408A-AD0A-6BA6DDC8D70F}"
EndProject
Project("{9A19103F-16F7-4668-BE54-9A1E7A4F7556}") = "WireMock.Org.Abstractions", "src\WireMock.Org.Abstractions\WireMock.Org.Abstractions.csproj", "{3BA5109E-5F30-4CC2-B699-02EC82560AA6}"
EndProject
Project("{9A19103F-16F7-4668-BE54-9A1E7A4F7556}") = "WireMock.Net.Console.NET6", "examples\WireMock.Net.Console.NET6\WireMock.Net.Console.NET6.csproj", "{2215055B-594E-4C2F-99B2-6DF337F02893}"
EndProject
Project("{9A19103F-16F7-4668-BE54-9A1E7A4F7556}") = "WireMock.Net.WebApplication.NET6", "examples\WireMock.Net.WebApplication.NET6\WireMock.Net.WebApplication.NET6.csproj", "{3F7AA023-6833-4856-A08A-4B5717B592B8}"
EndProject
Project("{9A19103F-16F7-4668-BE54-9A1E7A4F7556}") = "WireMock.Net.Console.Proxy.NETCoreApp", "examples\WireMock.Net.Console.Proxy.NETCoreApp\WireMock.Net.Console.Proxy.NETCoreApp.csproj", "{670C7562-C154-442E-A249-7D26849BCD13}"
EndProject
Project("{9A19103F-16F7-4668-BE54-9A1E7A4F7556}") = "WireMock.Net.xUnit", "src\WireMock.Net.xUnit\WireMock.Net.xUnit.csproj", "{0DE0954F-8C00-4E8D-B94A-4361FC1CBE44}"
EndProject
Project("{9A19103F-16F7-4668-BE54-9A1E7A4F7556}") = "WireMock.Net.Console.NET6.WithCertificate", "examples\WireMock.Net.Console.NET6.WithCertificate\WireMock.Net.Console.NET6.WithCertificate.csproj", "{7C2A9DE8-C89F-4841-9058-6B9BF81E5E34}"
EndProject
Project("{9A19103F-16F7-4668-BE54-9A1E7A4F7556}") = "WireMockAzureQueueExample", "examples\WireMockAzureQueueExample\WireMockAzureQueueExample.csproj", "{BAA9EC2A-874B-45CE-8E51-A73622DC7F3D}"
EndProject
Project("{9A19103F-16F7-4668-BE54-9A1E7A4F7556}") = "WireMock.Net.Testcontainers", "src\WireMock.Net.Testcontainers\WireMock.Net.Testcontainers.csproj", "{12B016A5-9D8B-4EFE-96C2-CA51BE43367D}"
EndProject
Project("{9A19103F-16F7-4668-BE54-9A1E7A4F7556}") = "WireMock.Net.TestcontainersExample", "examples\WireMock.Net.TestcontainersExample\WireMock.Net.TestcontainersExample.csproj", "{56A38798-C48B-4A4A-B805-071E05C02CE1}"
EndProject
Project("{2150E333-8FDC-42A3-9474-1A3956D46DE8}") = "tools", "tools", "{0147029F-FA4A-44B3-B79A-3C3574054EE4}"
EndProject
Project("{9A19103F-16F7-4668-BE54-9A1E7A4F7556}") = "MultipartUploader", "tools\MultipartUploader\MultipartUploader.csproj", "{07C30227-ADEC-4BDE-8CDC-849D85A690BB}"
EndProject
Project("{9A19103F-16F7-4668-BE54-9A1E7A4F7556}") = "WireMock.Net.Console.NET7.UsingNuGet", "examples\WireMock.Net.Console.NET7.UsingNuGet\WireMock.Net.Console.NET7.UsingNuGet.csproj", "{941229D6-191B-4B5E-AC81-0905EBF4F19D}"
EndProject
Project("{9A19103F-16F7-4668-BE54-9A1E7A4F7556}") = "WireMock.Net.Console.NET8", "examples\WireMock.Net.Console.NET8\WireMock.Net.Console.NET8.csproj", "{1EA72C0F-92E9-486B-8FFE-53F992BFC4AA}"
EndProject
Project("{9A19103F-16F7-4668-BE54-9A1E7A4F7556}") = "WireMockAzureQueueProxy", "examples\WireMockAzureQueueProxy\WireMockAzureQueueProxy.csproj", "{7FC0B409-2682-40EE-B3B9-3930D6769D01}"
EndProject
Project("{9A19103F-16F7-4668-BE54-9A1E7A4F7556}") = "WireMock.Net.Console.GrpcClient", "examples\WireMock.Net.Console.GrpcClient\WireMock.Net.Console.GrpcClient.csproj", "{B1580A38-84E7-44BE-8FE7-3EE5031D74A1}"
EndProject
Project("{2150E333-8FDC-42A3-9474-1A3956D46DE8}") = "examples - Aspire", "examples - Aspire", "{AD474543-0715-49F2-A284-936B060BF736}"
EndProject
Project("{9A19103F-16F7-4668-BE54-9A1E7A4F7556}") = "WireMock.Net.Aspire", "src\WireMock.Net.Aspire\WireMock.Net.Aspire.csproj", "{CAB42D88-B4E4-4887-B684-9F3E09D085A1}"
EndProject
Project("{9A19103F-16F7-4668-BE54-9A1E7A4F7556}") = "AspireApp1.ServiceDefaults", "examples-Aspire\AspireApp1.ServiceDefaults\AspireApp1.ServiceDefaults.csproj", "{42113E6B-DC43-4E80-9967-1E4233568E87}"
EndProject
Project("{9A19103F-16F7-4668-BE54-9A1E7A4F7556}") = "AspireApp1.ApiService", "examples-Aspire\AspireApp1.ApiService\AspireApp1.ApiService.csproj", "{84624E1F-DF07-4315-89B0-51776BE99E13}"
EndProject
Project("{9A19103F-16F7-4668-BE54-9A1E7A4F7556}") = "AspireApp1.Web", "examples-Aspire\AspireApp1.Web\AspireApp1.Web.csproj", "{A34F1575-7C33-4548-8CEF-8D8D8B84153C}"
EndProject
Project("{9A19103F-16F7-4668-BE54-9A1E7A4F7556}") = "AspireApp1.AppHost", "examples-Aspire\AspireApp1.AppHost\AspireApp1.AppHost.csproj", "{7373B7DC-47ED-45A5-969D-D7DDBA529B53}"
EndProject
Project("{9A19103F-16F7-4668-BE54-9A1E7A4F7556}") = "WireMock.Net.Aspire.Tests", "test\WireMock.Net.Aspire.Tests\WireMock.Net.Aspire.Tests.csproj", "{CE602F57-FEF8-4559-A9E0-6200BE1BF398}"
EndProject
Project("{9A19103F-16F7-4668-BE54-9A1E7A4F7556}") = "WireMock.Net.Aspire.TestAppHost", "test\WireMock.Net.Aspire.TestAppHost\WireMock.Net.Aspire.TestAppHost.csproj", "{F1B5999D-D22E-48A6-AB86-18A7876BD32E}"
EndProject
Project("{9A19103F-16F7-4668-BE54-9A1E7A4F7556}") = "AspireApp1.AppHostOriginal", "examples-Aspire\AspireApp1.AppHostOriginal\AspireApp1.AppHostOriginal.csproj", "{C9210DA3-F390-4598-8512-349A473FE9C9}"
EndProject
Project("{FAE04EC0-301F-11D3-BF4B-00C04F79EFBC}") = "WireMock.Net.TUnit", "src\WireMock.Net.TUnit\WireMock.Net.TUnit.csproj", "{91024A93-848F-4A02-AF53-5EBE5834E23C}"
EndProject
Project("{9A19103F-16F7-4668-BE54-9A1E7A4F7556}") = "WireMock.Net.TUnitTests", "test\WireMock.Net.TUnitTests\WireMock.Net.TUnitTests.csproj", "{4CD237F7-B616-46B8-872F-E49B4BBB3EAE}"
EndProject
Global
	GlobalSection(SolutionConfigurationPlatforms) = preSolution
		Debug|Any CPU = Debug|Any CPU
		Release|Any CPU = Release|Any CPU
	EndGlobalSection
	GlobalSection(ProjectConfigurationPlatforms) = postSolution
		{D3804228-91F4-4502-9595-39584E5A01AD}.Debug|Any CPU.ActiveCfg = Debug|Any CPU
		{D3804228-91F4-4502-9595-39584E5A01AD}.Debug|Any CPU.Build.0 = Debug|Any CPU
		{D3804228-91F4-4502-9595-39584E5A01AD}.Release|Any CPU.ActiveCfg = Release|Any CPU
		{D3804228-91F4-4502-9595-39584E5A01AD}.Release|Any CPU.Build.0 = Release|Any CPU
		{B6269AAC-170A-4346-8B9A-579DED3D9A94}.Debug|Any CPU.ActiveCfg = Debug|Any CPU
		{B6269AAC-170A-4346-8B9A-579DED3D9A94}.Debug|Any CPU.Build.0 = Debug|Any CPU
		{B6269AAC-170A-4346-8B9A-579DED3D9A94}.Release|Any CPU.ActiveCfg = Release|Any CPU
		{B6269AAC-170A-4346-8B9A-579DED3D9A94}.Release|Any CPU.Build.0 = Release|Any CPU
		{B6269AAC-170A-43D6-8B9A-579DED3D9A96}.Debug|Any CPU.ActiveCfg = Debug|Any CPU
		{B6269AAC-170A-43D6-8B9A-579DED3D9A96}.Debug|Any CPU.Build.0 = Debug|Any CPU
		{B6269AAC-170A-43D6-8B9A-579DED3D9A96}.Release|Any CPU.ActiveCfg = Release|Any CPU
		{B6269AAC-170A-43D6-8B9A-579DED3D9A96}.Release|Any CPU.Build.0 = Release|Any CPU
		{B6269AAC-170A-43D5-8B9A-579DED3D9A95}.Debug|Any CPU.ActiveCfg = Debug|Any CPU
		{B6269AAC-170A-43D5-8B9A-579DED3D9A95}.Debug|Any CPU.Build.0 = Debug|Any CPU
		{B6269AAC-170A-43D5-8B9A-579DED3D9A95}.Release|Any CPU.ActiveCfg = Release|Any CPU
		{B6269AAC-170A-43D5-8B9A-579DED3D9A95}.Release|Any CPU.Build.0 = Release|Any CPU
		{31DC2EF8-C3FE-467D-84BE-FB5D956E612E}.Debug|Any CPU.ActiveCfg = Debug|Any CPU
		{31DC2EF8-C3FE-467D-84BE-FB5D956E612E}.Debug|Any CPU.Build.0 = Debug|Any CPU
		{31DC2EF8-C3FE-467D-84BE-FB5D956E612E}.Release|Any CPU.ActiveCfg = Release|Any CPU
		{31DC2EF8-C3FE-467D-84BE-FB5D956E612E}.Release|Any CPU.Build.0 = Release|Any CPU
		{8C424EAF-8269-46A2-9FF1-F6D4EADB5CD5}.Debug|Any CPU.ActiveCfg = Debug|Any CPU
		{8C424EAF-8269-46A2-9FF1-F6D4EADB5CD5}.Debug|Any CPU.Build.0 = Debug|Any CPU
		{8C424EAF-8269-46A2-9FF1-F6D4EADB5CD5}.Release|Any CPU.ActiveCfg = Release|Any CPU
		{8C424EAF-8269-46A2-9FF1-F6D4EADB5CD5}.Release|Any CPU.Build.0 = Release|Any CPU
		{74D91AD0-D96D-4FD2-AEC5-CC49D38346C0}.Debug|Any CPU.ActiveCfg = Debug|Any CPU
		{74D91AD0-D96D-4FD2-AEC5-CC49D38346C0}.Debug|Any CPU.Build.0 = Debug|Any CPU
		{74D91AD0-D96D-4FD2-AEC5-CC49D38346C0}.Release|Any CPU.ActiveCfg = Release|Any CPU
		{74D91AD0-D96D-4FD2-AEC5-CC49D38346C0}.Release|Any CPU.Build.0 = Release|Any CPU
		{FE281639-B014-4C8A-96FA-141164A74713}.Debug|Any CPU.ActiveCfg = Debug|Any CPU
		{FE281639-B014-4C8A-96FA-141164A74713}.Debug|Any CPU.Build.0 = Debug|Any CPU
		{FE281639-B014-4C8A-96FA-141164A74713}.Release|Any CPU.ActiveCfg = Release|Any CPU
		{FE281639-B014-4C8A-96FA-141164A74713}.Release|Any CPU.Build.0 = Release|Any CPU
		{26433A8F-BF01-4962-97EB-81BFFBB61096}.Debug|Any CPU.ActiveCfg = Debug|Any CPU
		{26433A8F-BF01-4962-97EB-81BFFBB61096}.Debug|Any CPU.Build.0 = Debug|Any CPU
		{26433A8F-BF01-4962-97EB-81BFFBB61096}.Release|Any CPU.ActiveCfg = Release|Any CPU
		{26433A8F-BF01-4962-97EB-81BFFBB61096}.Release|Any CPU.Build.0 = Release|Any CPU
		{7F0B2446-0363-4720-AF46-F47F83B557DC}.Debug|Any CPU.ActiveCfg = Debug|Any CPU
		{7F0B2446-0363-4720-AF46-F47F83B557DC}.Debug|Any CPU.Build.0 = Debug|Any CPU
		{7F0B2446-0363-4720-AF46-F47F83B557DC}.Release|Any CPU.ActiveCfg = Release|Any CPU
		{7F0B2446-0363-4720-AF46-F47F83B557DC}.Release|Any CPU.Build.0 = Release|Any CPU
		{1261BB9B-A7D4-456C-8985-3CE560361B8E}.Debug|Any CPU.ActiveCfg = Debug|Any CPU
		{1261BB9B-A7D4-456C-8985-3CE560361B8E}.Debug|Any CPU.Build.0 = Debug|Any CPU
		{1261BB9B-A7D4-456C-8985-3CE560361B8E}.Release|Any CPU.ActiveCfg = Release|Any CPU
		{1261BB9B-A7D4-456C-8985-3CE560361B8E}.Release|Any CPU.Build.0 = Release|Any CPU
		{668F689E-57B4-422E-8846-C0FF643CA268}.Debug|Any CPU.ActiveCfg = Debug|Any CPU
		{668F689E-57B4-422E-8846-C0FF643CA268}.Debug|Any CPU.Build.0 = Debug|Any CPU
		{668F689E-57B4-422E-8846-C0FF643CA268}.Release|Any CPU.ActiveCfg = Release|Any CPU
		{668F689E-57B4-422E-8846-C0FF643CA268}.Release|Any CPU.Build.0 = Release|Any CPU
		{A9D039B9-7509-4CF1-9EFD-87EB82998575}.Debug|Any CPU.ActiveCfg = Debug|Any CPU
		{A9D039B9-7509-4CF1-9EFD-87EB82998575}.Debug|Any CPU.Build.0 = Debug|Any CPU
		{A9D039B9-7509-4CF1-9EFD-87EB82998575}.Release|Any CPU.ActiveCfg = Release|Any CPU
		{A9D039B9-7509-4CF1-9EFD-87EB82998575}.Release|Any CPU.Build.0 = Release|Any CPU
		{D3804228-91F4-4502-9595-39584E5AADAD}.Debug|Any CPU.ActiveCfg = Debug|Any CPU
		{D3804228-91F4-4502-9595-39584E5AADAD}.Debug|Any CPU.Build.0 = Debug|Any CPU
		{D3804228-91F4-4502-9595-39584E5AADAD}.Release|Any CPU.ActiveCfg = Release|Any CPU
		{D3804228-91F4-4502-9595-39584E5AADAD}.Release|Any CPU.Build.0 = Release|Any CPU
		{5C09FB93-1535-4F92-AF26-21E8A061EE4A}.Debug|Any CPU.ActiveCfg = Debug|Any CPU
		{5C09FB93-1535-4F92-AF26-21E8A061EE4A}.Debug|Any CPU.Build.0 = Debug|Any CPU
		{5C09FB93-1535-4F92-AF26-21E8A061EE4A}.Release|Any CPU.ActiveCfg = Release|Any CPU
		{5C09FB93-1535-4F92-AF26-21E8A061EE4A}.Release|Any CPU.Build.0 = Release|Any CPU
		{B6269AAC-170A-4346-8B9A-579DED3D9A95}.Debug|Any CPU.ActiveCfg = Debug|Any CPU
		{B6269AAC-170A-4346-8B9A-579DED3D9A95}.Debug|Any CPU.Build.0 = Debug|Any CPU
		{B6269AAC-170A-4346-8B9A-579DED3D9A95}.Release|Any CPU.ActiveCfg = Release|Any CPU
		{B6269AAC-170A-4346-8B9A-579DED3D9A95}.Release|Any CPU.Build.0 = Release|Any CPU
		{E1C56967-3DC7-46CB-A1DF-B13167A0D9D4}.Debug|Any CPU.ActiveCfg = Debug|Any CPU
		{E1C56967-3DC7-46CB-A1DF-B13167A0D9D4}.Debug|Any CPU.Build.0 = Debug|Any CPU
		{E1C56967-3DC7-46CB-A1DF-B13167A0D9D4}.Release|Any CPU.ActiveCfg = Release|Any CPU
		{E1C56967-3DC7-46CB-A1DF-B13167A0D9D4}.Release|Any CPU.Build.0 = Release|Any CPU
		{925E421A-1B3F-4202-B48F-734743573A4B}.Debug|Any CPU.ActiveCfg = Debug|Any CPU
		{925E421A-1B3F-4202-B48F-734743573A4B}.Debug|Any CPU.Build.0 = Debug|Any CPU
		{925E421A-1B3F-4202-B48F-734743573A4B}.Release|Any CPU.ActiveCfg = Release|Any CPU
		{925E421A-1B3F-4202-B48F-734743573A4B}.Release|Any CPU.Build.0 = Release|Any CPU
		{40BF24B5-12E6-4610-9489-138798632E28}.Debug|Any CPU.ActiveCfg = Debug|Any CPU
		{40BF24B5-12E6-4610-9489-138798632E28}.Debug|Any CPU.Build.0 = Debug|Any CPU
		{40BF24B5-12E6-4610-9489-138798632E28}.Release|Any CPU.ActiveCfg = Release|Any CPU
		{40BF24B5-12E6-4610-9489-138798632E28}.Release|Any CPU.Build.0 = Release|Any CPU
		{3F8CF0AE-5F24-4A54-89E7-A3EE829DB5F8}.Debug|Any CPU.ActiveCfg = Debug|Any CPU
		{3F8CF0AE-5F24-4A54-89E7-A3EE829DB5F8}.Debug|Any CPU.Build.0 = Debug|Any CPU
		{3F8CF0AE-5F24-4A54-89E7-A3EE829DB5F8}.Release|Any CPU.ActiveCfg = Release|Any CPU
		{3F8CF0AE-5F24-4A54-89E7-A3EE829DB5F8}.Release|Any CPU.Build.0 = Release|Any CPU
		{B6269AAC-170A-4346-8B9A-444DED3D9A44}.Debug|Any CPU.ActiveCfg = Debug|Any CPU
		{B6269AAC-170A-4346-8B9A-444DED3D9A44}.Debug|Any CPU.Build.0 = Debug|Any CPU
		{B6269AAC-170A-4346-8B9A-444DED3D9A44}.Release|Any CPU.ActiveCfg = Release|Any CPU
		{B6269AAC-170A-4346-8B9A-444DED3D9A44}.Release|Any CPU.Build.0 = Release|Any CPU
		{6580580B-1EFD-4922-B0EC-FF290DB279EE}.Debug|Any CPU.ActiveCfg = Debug|Any CPU
		{6580580B-1EFD-4922-B0EC-FF290DB279EE}.Debug|Any CPU.Build.0 = Debug|Any CPU
		{6580580B-1EFD-4922-B0EC-FF290DB279EE}.Release|Any CPU.ActiveCfg = Release|Any CPU
		{6580580B-1EFD-4922-B0EC-FF290DB279EE}.Release|Any CPU.Build.0 = Release|Any CPU
		{08B29DB1-FEFE-408A-AD0A-6BA6DDC8D70F}.Debug|Any CPU.ActiveCfg = Debug|Any CPU
		{08B29DB1-FEFE-408A-AD0A-6BA6DDC8D70F}.Debug|Any CPU.Build.0 = Debug|Any CPU
		{08B29DB1-FEFE-408A-AD0A-6BA6DDC8D70F}.Release|Any CPU.ActiveCfg = Release|Any CPU
		{08B29DB1-FEFE-408A-AD0A-6BA6DDC8D70F}.Release|Any CPU.Build.0 = Release|Any CPU
		{3BA5109E-5F30-4CC2-B699-02EC82560AA6}.Debug|Any CPU.ActiveCfg = Debug|Any CPU
		{3BA5109E-5F30-4CC2-B699-02EC82560AA6}.Debug|Any CPU.Build.0 = Debug|Any CPU
		{3BA5109E-5F30-4CC2-B699-02EC82560AA6}.Release|Any CPU.ActiveCfg = Release|Any CPU
		{3BA5109E-5F30-4CC2-B699-02EC82560AA6}.Release|Any CPU.Build.0 = Release|Any CPU
		{2215055B-594E-4C2F-99B2-6DF337F02893}.Debug|Any CPU.ActiveCfg = Debug|Any CPU
		{2215055B-594E-4C2F-99B2-6DF337F02893}.Debug|Any CPU.Build.0 = Debug|Any CPU
		{2215055B-594E-4C2F-99B2-6DF337F02893}.Release|Any CPU.ActiveCfg = Release|Any CPU
		{2215055B-594E-4C2F-99B2-6DF337F02893}.Release|Any CPU.Build.0 = Release|Any CPU
		{3F7AA023-6833-4856-A08A-4B5717B592B8}.Debug|Any CPU.ActiveCfg = Debug|Any CPU
		{3F7AA023-6833-4856-A08A-4B5717B592B8}.Debug|Any CPU.Build.0 = Debug|Any CPU
		{3F7AA023-6833-4856-A08A-4B5717B592B8}.Release|Any CPU.ActiveCfg = Release|Any CPU
		{3F7AA023-6833-4856-A08A-4B5717B592B8}.Release|Any CPU.Build.0 = Release|Any CPU
		{670C7562-C154-442E-A249-7D26849BCD13}.Debug|Any CPU.ActiveCfg = Debug|Any CPU
		{670C7562-C154-442E-A249-7D26849BCD13}.Debug|Any CPU.Build.0 = Debug|Any CPU
		{670C7562-C154-442E-A249-7D26849BCD13}.Release|Any CPU.ActiveCfg = Release|Any CPU
		{670C7562-C154-442E-A249-7D26849BCD13}.Release|Any CPU.Build.0 = Release|Any CPU
		{0DE0954F-8C00-4E8D-B94A-4361FC1CBE44}.Debug|Any CPU.ActiveCfg = Debug|Any CPU
		{0DE0954F-8C00-4E8D-B94A-4361FC1CBE44}.Debug|Any CPU.Build.0 = Debug|Any CPU
		{0DE0954F-8C00-4E8D-B94A-4361FC1CBE44}.Release|Any CPU.ActiveCfg = Release|Any CPU
		{0DE0954F-8C00-4E8D-B94A-4361FC1CBE44}.Release|Any CPU.Build.0 = Release|Any CPU
		{7C2A9DE8-C89F-4841-9058-6B9BF81E5E34}.Debug|Any CPU.ActiveCfg = Debug|Any CPU
		{7C2A9DE8-C89F-4841-9058-6B9BF81E5E34}.Debug|Any CPU.Build.0 = Debug|Any CPU
		{7C2A9DE8-C89F-4841-9058-6B9BF81E5E34}.Release|Any CPU.ActiveCfg = Release|Any CPU
		{7C2A9DE8-C89F-4841-9058-6B9BF81E5E34}.Release|Any CPU.Build.0 = Release|Any CPU
		{BAA9EC2A-874B-45CE-8E51-A73622DC7F3D}.Debug|Any CPU.ActiveCfg = Debug|Any CPU
		{BAA9EC2A-874B-45CE-8E51-A73622DC7F3D}.Debug|Any CPU.Build.0 = Debug|Any CPU
		{BAA9EC2A-874B-45CE-8E51-A73622DC7F3D}.Release|Any CPU.ActiveCfg = Release|Any CPU
		{BAA9EC2A-874B-45CE-8E51-A73622DC7F3D}.Release|Any CPU.Build.0 = Release|Any CPU
		{12B016A5-9D8B-4EFE-96C2-CA51BE43367D}.Debug|Any CPU.ActiveCfg = Debug|Any CPU
		{12B016A5-9D8B-4EFE-96C2-CA51BE43367D}.Debug|Any CPU.Build.0 = Debug|Any CPU
		{12B016A5-9D8B-4EFE-96C2-CA51BE43367D}.Release|Any CPU.ActiveCfg = Release|Any CPU
		{12B016A5-9D8B-4EFE-96C2-CA51BE43367D}.Release|Any CPU.Build.0 = Release|Any CPU
		{56A38798-C48B-4A4A-B805-071E05C02CE1}.Debug|Any CPU.ActiveCfg = Debug|Any CPU
		{56A38798-C48B-4A4A-B805-071E05C02CE1}.Debug|Any CPU.Build.0 = Debug|Any CPU
		{56A38798-C48B-4A4A-B805-071E05C02CE1}.Release|Any CPU.ActiveCfg = Release|Any CPU
		{56A38798-C48B-4A4A-B805-071E05C02CE1}.Release|Any CPU.Build.0 = Release|Any CPU
		{07C30227-ADEC-4BDE-8CDC-849D85A690BB}.Debug|Any CPU.ActiveCfg = Debug|Any CPU
		{07C30227-ADEC-4BDE-8CDC-849D85A690BB}.Debug|Any CPU.Build.0 = Debug|Any CPU
		{07C30227-ADEC-4BDE-8CDC-849D85A690BB}.Release|Any CPU.ActiveCfg = Release|Any CPU
		{07C30227-ADEC-4BDE-8CDC-849D85A690BB}.Release|Any CPU.Build.0 = Release|Any CPU
		{941229D6-191B-4B5E-AC81-0905EBF4F19D}.Debug|Any CPU.ActiveCfg = Debug|Any CPU
		{941229D6-191B-4B5E-AC81-0905EBF4F19D}.Debug|Any CPU.Build.0 = Debug|Any CPU
		{941229D6-191B-4B5E-AC81-0905EBF4F19D}.Release|Any CPU.ActiveCfg = Release|Any CPU
		{941229D6-191B-4B5E-AC81-0905EBF4F19D}.Release|Any CPU.Build.0 = Release|Any CPU
		{1EA72C0F-92E9-486B-8FFE-53F992BFC4AA}.Debug|Any CPU.ActiveCfg = Debug|Any CPU
		{1EA72C0F-92E9-486B-8FFE-53F992BFC4AA}.Debug|Any CPU.Build.0 = Debug|Any CPU
		{1EA72C0F-92E9-486B-8FFE-53F992BFC4AA}.Release|Any CPU.ActiveCfg = Release|Any CPU
		{1EA72C0F-92E9-486B-8FFE-53F992BFC4AA}.Release|Any CPU.Build.0 = Release|Any CPU
		{7FC0B409-2682-40EE-B3B9-3930D6769D01}.Debug|Any CPU.ActiveCfg = Debug|Any CPU
		{7FC0B409-2682-40EE-B3B9-3930D6769D01}.Debug|Any CPU.Build.0 = Debug|Any CPU
		{7FC0B409-2682-40EE-B3B9-3930D6769D01}.Release|Any CPU.ActiveCfg = Release|Any CPU
		{7FC0B409-2682-40EE-B3B9-3930D6769D01}.Release|Any CPU.Build.0 = Release|Any CPU
		{B1580A38-84E7-44BE-8FE7-3EE5031D74A1}.Debug|Any CPU.ActiveCfg = Debug|Any CPU
		{B1580A38-84E7-44BE-8FE7-3EE5031D74A1}.Debug|Any CPU.Build.0 = Debug|Any CPU
		{B1580A38-84E7-44BE-8FE7-3EE5031D74A1}.Release|Any CPU.ActiveCfg = Release|Any CPU
		{B1580A38-84E7-44BE-8FE7-3EE5031D74A1}.Release|Any CPU.Build.0 = Release|Any CPU
		{CAB42D88-B4E4-4887-B684-9F3E09D085A1}.Debug|Any CPU.ActiveCfg = Debug|Any CPU
		{CAB42D88-B4E4-4887-B684-9F3E09D085A1}.Debug|Any CPU.Build.0 = Debug|Any CPU
		{CAB42D88-B4E4-4887-B684-9F3E09D085A1}.Release|Any CPU.ActiveCfg = Release|Any CPU
		{CAB42D88-B4E4-4887-B684-9F3E09D085A1}.Release|Any CPU.Build.0 = Release|Any CPU
		{42113E6B-DC43-4E80-9967-1E4233568E87}.Debug|Any CPU.ActiveCfg = Debug|Any CPU
		{42113E6B-DC43-4E80-9967-1E4233568E87}.Debug|Any CPU.Build.0 = Debug|Any CPU
		{42113E6B-DC43-4E80-9967-1E4233568E87}.Release|Any CPU.ActiveCfg = Release|Any CPU
		{42113E6B-DC43-4E80-9967-1E4233568E87}.Release|Any CPU.Build.0 = Release|Any CPU
		{84624E1F-DF07-4315-89B0-51776BE99E13}.Debug|Any CPU.ActiveCfg = Debug|Any CPU
		{84624E1F-DF07-4315-89B0-51776BE99E13}.Debug|Any CPU.Build.0 = Debug|Any CPU
		{84624E1F-DF07-4315-89B0-51776BE99E13}.Release|Any CPU.ActiveCfg = Release|Any CPU
		{84624E1F-DF07-4315-89B0-51776BE99E13}.Release|Any CPU.Build.0 = Release|Any CPU
		{A34F1575-7C33-4548-8CEF-8D8D8B84153C}.Debug|Any CPU.ActiveCfg = Debug|Any CPU
		{A34F1575-7C33-4548-8CEF-8D8D8B84153C}.Debug|Any CPU.Build.0 = Debug|Any CPU
		{A34F1575-7C33-4548-8CEF-8D8D8B84153C}.Release|Any CPU.ActiveCfg = Release|Any CPU
		{A34F1575-7C33-4548-8CEF-8D8D8B84153C}.Release|Any CPU.Build.0 = Release|Any CPU
		{7373B7DC-47ED-45A5-969D-D7DDBA529B53}.Debug|Any CPU.ActiveCfg = Debug|Any CPU
		{7373B7DC-47ED-45A5-969D-D7DDBA529B53}.Debug|Any CPU.Build.0 = Debug|Any CPU
		{7373B7DC-47ED-45A5-969D-D7DDBA529B53}.Release|Any CPU.ActiveCfg = Release|Any CPU
		{7373B7DC-47ED-45A5-969D-D7DDBA529B53}.Release|Any CPU.Build.0 = Release|Any CPU
		{CE602F57-FEF8-4559-A9E0-6200BE1BF398}.Debug|Any CPU.ActiveCfg = Debug|Any CPU
		{CE602F57-FEF8-4559-A9E0-6200BE1BF398}.Debug|Any CPU.Build.0 = Debug|Any CPU
		{CE602F57-FEF8-4559-A9E0-6200BE1BF398}.Release|Any CPU.ActiveCfg = Release|Any CPU
		{CE602F57-FEF8-4559-A9E0-6200BE1BF398}.Release|Any CPU.Build.0 = Release|Any CPU
		{F1B5999D-D22E-48A6-AB86-18A7876BD32E}.Debug|Any CPU.ActiveCfg = Debug|Any CPU
		{F1B5999D-D22E-48A6-AB86-18A7876BD32E}.Debug|Any CPU.Build.0 = Debug|Any CPU
		{F1B5999D-D22E-48A6-AB86-18A7876BD32E}.Release|Any CPU.ActiveCfg = Release|Any CPU
		{F1B5999D-D22E-48A6-AB86-18A7876BD32E}.Release|Any CPU.Build.0 = Release|Any CPU
		{C9210DA3-F390-4598-8512-349A473FE9C9}.Debug|Any CPU.ActiveCfg = Debug|Any CPU
		{C9210DA3-F390-4598-8512-349A473FE9C9}.Debug|Any CPU.Build.0 = Debug|Any CPU
		{C9210DA3-F390-4598-8512-349A473FE9C9}.Release|Any CPU.ActiveCfg = Release|Any CPU
		{C9210DA3-F390-4598-8512-349A473FE9C9}.Release|Any CPU.Build.0 = Release|Any CPU
		{91024A93-848F-4A02-AF53-5EBE5834E23C}.Debug|Any CPU.ActiveCfg = Debug|Any CPU
		{91024A93-848F-4A02-AF53-5EBE5834E23C}.Debug|Any CPU.Build.0 = Debug|Any CPU
		{91024A93-848F-4A02-AF53-5EBE5834E23C}.Release|Any CPU.ActiveCfg = Release|Any CPU
		{91024A93-848F-4A02-AF53-5EBE5834E23C}.Release|Any CPU.Build.0 = Release|Any CPU
		{4CD237F7-B616-46B8-872F-E49B4BBB3EAE}.Debug|Any CPU.ActiveCfg = Debug|Any CPU
		{4CD237F7-B616-46B8-872F-E49B4BBB3EAE}.Debug|Any CPU.Build.0 = Debug|Any CPU
		{4CD237F7-B616-46B8-872F-E49B4BBB3EAE}.Release|Any CPU.ActiveCfg = Release|Any CPU
		{4CD237F7-B616-46B8-872F-E49B4BBB3EAE}.Release|Any CPU.Build.0 = Release|Any CPU
	EndGlobalSection
	GlobalSection(SolutionProperties) = preSolution
		HideSolutionNode = FALSE
	EndGlobalSection
	GlobalSection(NestedProjects) = preSolution
		{D3804228-91F4-4502-9595-39584E5A01AD} = {8F890C6F-9ACC-438D-928A-AD61CDA862F2}
		{B6269AAC-170A-4346-8B9A-579DED3D9A94} = {8F890C6F-9ACC-438D-928A-AD61CDA862F2}
		{B6269AAC-170A-43D6-8B9A-579DED3D9A96} = {8F890C6F-9ACC-438D-928A-AD61CDA862F2}
		{B6269AAC-170A-43D5-8B9A-579DED3D9A95} = {8F890C6F-9ACC-438D-928A-AD61CDA862F2}
		{31DC2EF8-C3FE-467D-84BE-FB5D956E612E} = {0BB8B634-407A-4610-A91F-11586990767A}
		{8C424EAF-8269-46A2-9FF1-F6D4EADB5CD5} = {985E0ADB-D4B4-473A-AA40-567E279B7946}
		{74D91AD0-D96D-4FD2-AEC5-CC49D38346C0} = {985E0ADB-D4B4-473A-AA40-567E279B7946}
		{FE281639-B014-4C8A-96FA-141164A74713} = {985E0ADB-D4B4-473A-AA40-567E279B7946}
		{26433A8F-BF01-4962-97EB-81BFFBB61096} = {985E0ADB-D4B4-473A-AA40-567E279B7946}
		{7F0B2446-0363-4720-AF46-F47F83B557DC} = {985E0ADB-D4B4-473A-AA40-567E279B7946}
		{1261BB9B-A7D4-456C-8985-3CE560361B8E} = {985E0ADB-D4B4-473A-AA40-567E279B7946}
		{668F689E-57B4-422E-8846-C0FF643CA268} = {985E0ADB-D4B4-473A-AA40-567E279B7946}
		{A9D039B9-7509-4CF1-9EFD-87EB82998575} = {985E0ADB-D4B4-473A-AA40-567E279B7946}
		{D3804228-91F4-4502-9595-39584E5AADAD} = {8F890C6F-9ACC-438D-928A-AD61CDA862F2}
		{5C09FB93-1535-4F92-AF26-21E8A061EE4A} = {985E0ADB-D4B4-473A-AA40-567E279B7946}
		{B6269AAC-170A-4346-8B9A-579DED3D9A95} = {8F890C6F-9ACC-438D-928A-AD61CDA862F2}
		{E1C56967-3DC7-46CB-A1DF-B13167A0D9D4} = {985E0ADB-D4B4-473A-AA40-567E279B7946}
		{925E421A-1B3F-4202-B48F-734743573A4B} = {985E0ADB-D4B4-473A-AA40-567E279B7946}
		{40BF24B5-12E6-4610-9489-138798632E28} = {8F890C6F-9ACC-438D-928A-AD61CDA862F2}
		{3F8CF0AE-5F24-4A54-89E7-A3EE829DB5F8} = {985E0ADB-D4B4-473A-AA40-567E279B7946}
		{B6269AAC-170A-4346-8B9A-444DED3D9A44} = {8F890C6F-9ACC-438D-928A-AD61CDA862F2}
		{6580580B-1EFD-4922-B0EC-FF290DB279EE} = {985E0ADB-D4B4-473A-AA40-567E279B7946}
		{1DAEFF47-D117-4E95-8B3E-4F7C8B92011A} = {7EFB2C5B-1BB2-4AAF-BC9F-216ED80C594D}
		{5B64F6CA-BF6B-4F67-BB2A-9C47E441703E} = {7EFB2C5B-1BB2-4AAF-BC9F-216ED80C594D}
		{08B29DB1-FEFE-408A-AD0A-6BA6DDC8D70F} = {8F890C6F-9ACC-438D-928A-AD61CDA862F2}
		{3BA5109E-5F30-4CC2-B699-02EC82560AA6} = {8F890C6F-9ACC-438D-928A-AD61CDA862F2}
		{2215055B-594E-4C2F-99B2-6DF337F02893} = {985E0ADB-D4B4-473A-AA40-567E279B7946}
		{3F7AA023-6833-4856-A08A-4B5717B592B8} = {985E0ADB-D4B4-473A-AA40-567E279B7946}
		{670C7562-C154-442E-A249-7D26849BCD13} = {985E0ADB-D4B4-473A-AA40-567E279B7946}
		{0DE0954F-8C00-4E8D-B94A-4361FC1CBE44} = {8F890C6F-9ACC-438D-928A-AD61CDA862F2}
		{7C2A9DE8-C89F-4841-9058-6B9BF81E5E34} = {985E0ADB-D4B4-473A-AA40-567E279B7946}
		{BAA9EC2A-874B-45CE-8E51-A73622DC7F3D} = {985E0ADB-D4B4-473A-AA40-567E279B7946}
		{12B016A5-9D8B-4EFE-96C2-CA51BE43367D} = {8F890C6F-9ACC-438D-928A-AD61CDA862F2}
		{56A38798-C48B-4A4A-B805-071E05C02CE1} = {985E0ADB-D4B4-473A-AA40-567E279B7946}
		{07C30227-ADEC-4BDE-8CDC-849D85A690BB} = {0147029F-FA4A-44B3-B79A-3C3574054EE4}
		{941229D6-191B-4B5E-AC81-0905EBF4F19D} = {985E0ADB-D4B4-473A-AA40-567E279B7946}
		{1EA72C0F-92E9-486B-8FFE-53F992BFC4AA} = {985E0ADB-D4B4-473A-AA40-567E279B7946}
		{7FC0B409-2682-40EE-B3B9-3930D6769D01} = {985E0ADB-D4B4-473A-AA40-567E279B7946}
		{B1580A38-84E7-44BE-8FE7-3EE5031D74A1} = {985E0ADB-D4B4-473A-AA40-567E279B7946}
		{CAB42D88-B4E4-4887-B684-9F3E09D085A1} = {8F890C6F-9ACC-438D-928A-AD61CDA862F2}
		{42113E6B-DC43-4E80-9967-1E4233568E87} = {AD474543-0715-49F2-A284-936B060BF736}
		{84624E1F-DF07-4315-89B0-51776BE99E13} = {AD474543-0715-49F2-A284-936B060BF736}
		{A34F1575-7C33-4548-8CEF-8D8D8B84153C} = {AD474543-0715-49F2-A284-936B060BF736}
		{7373B7DC-47ED-45A5-969D-D7DDBA529B53} = {AD474543-0715-49F2-A284-936B060BF736}
		{CE602F57-FEF8-4559-A9E0-6200BE1BF398} = {0BB8B634-407A-4610-A91F-11586990767A}
		{F1B5999D-D22E-48A6-AB86-18A7876BD32E} = {0BB8B634-407A-4610-A91F-11586990767A}
		{C9210DA3-F390-4598-8512-349A473FE9C9} = {AD474543-0715-49F2-A284-936B060BF736}
		{91024A93-848F-4A02-AF53-5EBE5834E23C} = {8F890C6F-9ACC-438D-928A-AD61CDA862F2}
		{4CD237F7-B616-46B8-872F-E49B4BBB3EAE} = {0BB8B634-407A-4610-A91F-11586990767A}
	EndGlobalSection
	GlobalSection(ExtensibilityGlobals) = postSolution
		SolutionGuid = {DC539027-9852-430C-B19F-FD035D018458}
	EndGlobalSection
EndGlobal
